// !$*UTF8*$!
{
	archiveVersion = 1;
	classes = {
	};
	objectVersion = 50;
	objects = {

/* Begin PBXBuildFile section */
		6A45D0E82448C73900A661F1 /* AppDelegate.swift in Sources */ = {isa = PBXBuildFile; fileRef = 6A45D0E72448C73900A661F1 /* AppDelegate.swift */; };
		6A45D0EA2448C73900A661F1 /* SceneDelegate.swift in Sources */ = {isa = PBXBuildFile; fileRef = 6A45D0E92448C73900A661F1 /* SceneDelegate.swift */; };
		6A45D0EC2448C73900A661F1 /* ViewController.swift in Sources */ = {isa = PBXBuildFile; fileRef = 6A45D0EB2448C73900A661F1 /* ViewController.swift */; };
		6A45D0EF2448C73900A661F1 /* Main.storyboard in Resources */ = {isa = PBXBuildFile; fileRef = 6A45D0ED2448C73900A661F1 /* Main.storyboard */; };
		6A45D0F12448C73D00A661F1 /* Assets.xcassets in Resources */ = {isa = PBXBuildFile; fileRef = 6A45D0F02448C73D00A661F1 /* Assets.xcassets */; };
		6A45D0F42448C73D00A661F1 /* LaunchScreen.storyboard in Resources */ = {isa = PBXBuildFile; fileRef = 6A45D0F22448C73D00A661F1 /* LaunchScreen.storyboard */; };
		6A45D0FF2448C73D00A661F1 /* Guess_Number_GameTests.swift in Sources */ = {isa = PBXBuildFile; fileRef = 6A45D0FE2448C73D00A661F1 /* Guess_Number_GameTests.swift */; };
		6A45D10A2448C73D00A661F1 /* Guess_Number_GameUITests.swift in Sources */ = {isa = PBXBuildFile; fileRef = 6A45D1092448C73D00A661F1 /* Guess_Number_GameUITests.swift */; };
/* End PBXBuildFile section */

/* Begin PBXContainerItemProxy section */
		6A45D0FB2448C73D00A661F1 /* PBXContainerItemProxy */ = {
			isa = PBXContainerItemProxy;
			containerPortal = 6A45D0DC2448C73900A661F1 /* Project object */;
			proxyType = 1;
			remoteGlobalIDString = 6A45D0E32448C73900A661F1;
			remoteInfo = "Guess Number Game";
		};
		6A45D1062448C73D00A661F1 /* PBXContainerItemProxy */ = {
			isa = PBXContainerItemProxy;
			containerPortal = 6A45D0DC2448C73900A661F1 /* Project object */;
			proxyType = 1;
			remoteGlobalIDString = 6A45D0E32448C73900A661F1;
			remoteInfo = "Guess Number Game";
		};
/* End PBXContainerItemProxy section */

/* Begin PBXFileReference section */
		6A45D0E42448C73900A661F1 /* Guess Number Game.app */ = {isa = PBXFileReference; explicitFileType = wrapper.application; includeInIndex = 0; path = "Guess Number Game.app"; sourceTree = BUILT_PRODUCTS_DIR; };
		6A45D0E72448C73900A661F1 /* AppDelegate.swift */ = {isa = PBXFileReference; lastKnownFileType = sourcecode.swift; path = AppDelegate.swift; sourceTree = "<group>"; };
		6A45D0E92448C73900A661F1 /* SceneDelegate.swift */ = {isa = PBXFileReference; lastKnownFileType = sourcecode.swift; path = SceneDelegate.swift; sourceTree = "<group>"; };
		6A45D0EB2448C73900A661F1 /* ViewController.swift */ = {isa = PBXFileReference; lastKnownFileType = sourcecode.swift; path = ViewController.swift; sourceTree = "<group>"; };
		6A45D0EE2448C73900A661F1 /* Base */ = {isa = PBXFileReference; lastKnownFileType = file.storyboard; name = Base; path = Base.lproj/Main.storyboard; sourceTree = "<group>"; };
		6A45D0F02448C73D00A661F1 /* Assets.xcassets */ = {isa = PBXFileReference; lastKnownFileType = folder.assetcatalog; path = Assets.xcassets; sourceTree = "<group>"; };
		6A45D0F32448C73D00A661F1 /* Base */ = {isa = PBXFileReference; lastKnownFileType = file.storyboard; name = Base; path = Base.lproj/LaunchScreen.storyboard; sourceTree = "<group>"; };
		6A45D0F52448C73D00A661F1 /* Info.plist */ = {isa = PBXFileReference; lastKnownFileType = text.plist.xml; path = Info.plist; sourceTree = "<group>"; };
		6A45D0FA2448C73D00A661F1 /* Guess Number GameTests.xctest */ = {isa = PBXFileReference; explicitFileType = wrapper.cfbundle; includeInIndex = 0; path = "Guess Number GameTests.xctest"; sourceTree = BUILT_PRODUCTS_DIR; };
		6A45D0FE2448C73D00A661F1 /* Guess_Number_GameTests.swift */ = {isa = PBXFileReference; lastKnownFileType = sourcecode.swift; path = Guess_Number_GameTests.swift; sourceTree = "<group>"; };
		6A45D1002448C73D00A661F1 /* Info.plist */ = {isa = PBXFileReference; lastKnownFileType = text.plist.xml; path = Info.plist; sourceTree = "<group>"; };
		6A45D1052448C73D00A661F1 /* Guess Number GameUITests.xctest */ = {isa = PBXFileReference; explicitFileType = wrapper.cfbundle; includeInIndex = 0; path = "Guess Number GameUITests.xctest"; sourceTree = BUILT_PRODUCTS_DIR; };
		6A45D1092448C73D00A661F1 /* Guess_Number_GameUITests.swift */ = {isa = PBXFileReference; lastKnownFileType = sourcecode.swift; path = Guess_Number_GameUITests.swift; sourceTree = "<group>"; };
		6A45D10B2448C73D00A661F1 /* Info.plist */ = {isa = PBXFileReference; lastKnownFileType = text.plist.xml; path = Info.plist; sourceTree = "<group>"; };
/* End PBXFileReference section */

/* Begin PBXFrameworksBuildPhase section */
		6A45D0E12448C73900A661F1 /* Frameworks */ = {
			isa = PBXFrameworksBuildPhase;
			buildActionMask = 2147483647;
			files = (
			);
			runOnlyForDeploymentPostprocessing = 0;
		};
		6A45D0F72448C73D00A661F1 /* Frameworks */ = {
			isa = PBXFrameworksBuildPhase;
			buildActionMask = 2147483647;
			files = (
			);
			runOnlyForDeploymentPostprocessing = 0;
		};
		6A45D1022448C73D00A661F1 /* Frameworks */ = {
			isa = PBXFrameworksBuildPhase;
			buildActionMask = 2147483647;
			files = (
			);
			runOnlyForDeploymentPostprocessing = 0;
		};
/* End PBXFrameworksBuildPhase section */

/* Begin PBXGroup section */
		6A45D0DB2448C73900A661F1 = {
			isa = PBXGroup;
			children = (
				6A45D0E62448C73900A661F1 /* Guess Number Game */,
				6A45D0FD2448C73D00A661F1 /* Guess Number GameTests */,
				6A45D1082448C73D00A661F1 /* Guess Number GameUITests */,
				6A45D0E52448C73900A661F1 /* Products */,
			);
			sourceTree = "<group>";
		};
		6A45D0E52448C73900A661F1 /* Products */ = {
			isa = PBXGroup;
			children = (
				6A45D0E42448C73900A661F1 /* Guess Number Game.app */,
				6A45D0FA2448C73D00A661F1 /* Guess Number GameTests.xctest */,
				6A45D1052448C73D00A661F1 /* Guess Number GameUITests.xctest */,
			);
			name = Products;
			sourceTree = "<group>";
		};
		6A45D0E62448C73900A661F1 /* Guess Number Game */ = {
			isa = PBXGroup;
			children = (
				6A45D0E72448C73900A661F1 /* AppDelegate.swift */,
				6A45D0E92448C73900A661F1 /* SceneDelegate.swift */,
				6A45D0EB2448C73900A661F1 /* ViewController.swift */,
				6A45D0ED2448C73900A661F1 /* Main.storyboard */,
				6A45D0F02448C73D00A661F1 /* Assets.xcassets */,
				6A45D0F22448C73D00A661F1 /* LaunchScreen.storyboard */,
				6A45D0F52448C73D00A661F1 /* Info.plist */,
			);
			path = "Guess Number Game";
			sourceTree = "<group>";
		};
		6A45D0FD2448C73D00A661F1 /* Guess Number GameTests */ = {
			isa = PBXGroup;
			children = (
				6A45D0FE2448C73D00A661F1 /* Guess_Number_GameTests.swift */,
				6A45D1002448C73D00A661F1 /* Info.plist */,
			);
			path = "Guess Number GameTests";
			sourceTree = "<group>";
		};
		6A45D1082448C73D00A661F1 /* Guess Number GameUITests */ = {
			isa = PBXGroup;
			children = (
				6A45D1092448C73D00A661F1 /* Guess_Number_GameUITests.swift */,
				6A45D10B2448C73D00A661F1 /* Info.plist */,
			);
			path = "Guess Number GameUITests";
			sourceTree = "<group>";
		};
/* End PBXGroup section */

/* Begin PBXNativeTarget section */
		6A45D0E32448C73900A661F1 /* Guess Number Game */ = {
			isa = PBXNativeTarget;
			buildConfigurationList = 6A45D10E2448C73D00A661F1 /* Build configuration list for PBXNativeTarget "Guess Number Game" */;
			buildPhases = (
				6A45D0E02448C73900A661F1 /* Sources */,
				6A45D0E12448C73900A661F1 /* Frameworks */,
				6A45D0E22448C73900A661F1 /* Resources */,
			);
			buildRules = (
			);
			dependencies = (
			);
			name = "Guess Number Game";
			productName = "Guess Number Game";
			productReference = 6A45D0E42448C73900A661F1 /* Guess Number Game.app */;
			productType = "com.apple.product-type.application";
		};
		6A45D0F92448C73D00A661F1 /* Guess Number GameTests */ = {
			isa = PBXNativeTarget;
			buildConfigurationList = 6A45D1112448C73D00A661F1 /* Build configuration list for PBXNativeTarget "Guess Number GameTests" */;
			buildPhases = (
				6A45D0F62448C73D00A661F1 /* Sources */,
				6A45D0F72448C73D00A661F1 /* Frameworks */,
				6A45D0F82448C73D00A661F1 /* Resources */,
			);
			buildRules = (
			);
			dependencies = (
				6A45D0FC2448C73D00A661F1 /* PBXTargetDependency */,
			);
			name = "Guess Number GameTests";
			productName = "Guess Number GameTests";
			productReference = 6A45D0FA2448C73D00A661F1 /* Guess Number GameTests.xctest */;
			productType = "com.apple.product-type.bundle.unit-test";
		};
		6A45D1042448C73D00A661F1 /* Guess Number GameUITests */ = {
			isa = PBXNativeTarget;
			buildConfigurationList = 6A45D1142448C73D00A661F1 /* Build configuration list for PBXNativeTarget "Guess Number GameUITests" */;
			buildPhases = (
				6A45D1012448C73D00A661F1 /* Sources */,
				6A45D1022448C73D00A661F1 /* Frameworks */,
				6A45D1032448C73D00A661F1 /* Resources */,
			);
			buildRules = (
			);
			dependencies = (
				6A45D1072448C73D00A661F1 /* PBXTargetDependency */,
			);
			name = "Guess Number GameUITests";
			productName = "Guess Number GameUITests";
			productReference = 6A45D1052448C73D00A661F1 /* Guess Number GameUITests.xctest */;
			productType = "com.apple.product-type.bundle.ui-testing";
		};
/* End PBXNativeTarget section */

/* Begin PBXProject section */
		6A45D0DC2448C73900A661F1 /* Project object */ = {
			isa = PBXProject;
			attributes = {
				LastSwiftUpdateCheck = 1120;
				LastUpgradeCheck = 1120;
				ORGANIZATIONNAME = "Foster Taylor";
				TargetAttributes = {
					6A45D0E32448C73900A661F1 = {
						CreatedOnToolsVersion = 11.2.1;
					};
					6A45D0F92448C73D00A661F1 = {
						CreatedOnToolsVersion = 11.2.1;
						TestTargetID = 6A45D0E32448C73900A661F1;
					};
					6A45D1042448C73D00A661F1 = {
						CreatedOnToolsVersion = 11.2.1;
						TestTargetID = 6A45D0E32448C73900A661F1;
					};
				};
			};
			buildConfigurationList = 6A45D0DF2448C73900A661F1 /* Build configuration list for PBXProject "Guess Number Game" */;
			compatibilityVersion = "Xcode 9.3";
			developmentRegion = en;
			hasScannedForEncodings = 0;
			knownRegions = (
				en,
				Base,
			);
			mainGroup = 6A45D0DB2448C73900A661F1;
			productRefGroup = 6A45D0E52448C73900A661F1 /* Products */;
			projectDirPath = "";
			projectRoot = "";
			targets = (
				6A45D0E32448C73900A661F1 /* Guess Number Game */,
				6A45D0F92448C73D00A661F1 /* Guess Number GameTests */,
				6A45D1042448C73D00A661F1 /* Guess Number GameUITests */,
			);
		};
/* End PBXProject section */

/* Begin PBXResourcesBuildPhase section */
		6A45D0E22448C73900A661F1 /* Resources */ = {
			isa = PBXResourcesBuildPhase;
			buildActionMask = 2147483647;
			files = (
				6A45D0F42448C73D00A661F1 /* LaunchScreen.storyboard in Resources */,
				6A45D0F12448C73D00A661F1 /* Assets.xcassets in Resources */,
				6A45D0EF2448C73900A661F1 /* Main.storyboard in Resources */,
			);
			runOnlyForDeploymentPostprocessing = 0;
		};
		6A45D0F82448C73D00A661F1 /* Resources */ = {
			isa = PBXResourcesBuildPhase;
			buildActionMask = 2147483647;
			files = (
			);
			runOnlyForDeploymentPostprocessing = 0;
		};
		6A45D1032448C73D00A661F1 /* Resources */ = {
			isa = PBXResourcesBuildPhase;
			buildActionMask = 2147483647;
			files = (
			);
			runOnlyForDeploymentPostprocessing = 0;
		};
/* End PBXResourcesBuildPhase section */

/* Begin PBXSourcesBuildPhase section */
		6A45D0E02448C73900A661F1 /* Sources */ = {
			isa = PBXSourcesBuildPhase;
			buildActionMask = 2147483647;
			files = (
				6A45D0EC2448C73900A661F1 /* ViewController.swift in Sources */,
				6A45D0E82448C73900A661F1 /* AppDelegate.swift in Sources */,
				6A45D0EA2448C73900A661F1 /* SceneDelegate.swift in Sources */,
			);
			runOnlyForDeploymentPostprocessing = 0;
		};
		6A45D0F62448C73D00A661F1 /* Sources */ = {
			isa = PBXSourcesBuildPhase;
			buildActionMask = 2147483647;
			files = (
				6A45D0FF2448C73D00A661F1 /* Guess_Number_GameTests.swift in Sources */,
			);
			runOnlyForDeploymentPostprocessing = 0;
		};
		6A45D1012448C73D00A661F1 /* Sources */ = {
			isa = PBXSourcesBuildPhase;
			buildActionMask = 2147483647;
			files = (
				6A45D10A2448C73D00A661F1 /* Guess_Number_GameUITests.swift in Sources */,
			);
			runOnlyForDeploymentPostprocessing = 0;
		};
/* End PBXSourcesBuildPhase section */

/* Begin PBXTargetDependency section */
		6A45D0FC2448C73D00A661F1 /* PBXTargetDependency */ = {
			isa = PBXTargetDependency;
			target = 6A45D0E32448C73900A661F1 /* Guess Number Game */;
			targetProxy = 6A45D0FB2448C73D00A661F1 /* PBXContainerItemProxy */;
		};
		6A45D1072448C73D00A661F1 /* PBXTargetDependency */ = {
			isa = PBXTargetDependency;
			target = 6A45D0E32448C73900A661F1 /* Guess Number Game */;
			targetProxy = 6A45D1062448C73D00A661F1 /* PBXContainerItemProxy */;
		};
/* End PBXTargetDependency section */

/* Begin PBXVariantGroup section */
		6A45D0ED2448C73900A661F1 /* Main.storyboard */ = {
			isa = PBXVariantGroup;
			children = (
				6A45D0EE2448C73900A661F1 /* Base */,
			);
			name = Main.storyboard;
			sourceTree = "<group>";
		};
		6A45D0F22448C73D00A661F1 /* LaunchScreen.storyboard */ = {
			isa = PBXVariantGroup;
			children = (
				6A45D0F32448C73D00A661F1 /* Base */,
			);
			name = LaunchScreen.storyboard;
			sourceTree = "<group>";
		};
/* End PBXVariantGroup section */

/* Begin XCBuildConfiguration section */
		6A45D10C2448C73D00A661F1 /* Debug */ = {
			isa = XCBuildConfiguration;
			buildSettings = {
				ALWAYS_SEARCH_USER_PATHS = NO;
				CLANG_ANALYZER_NONNULL = YES;
				CLANG_ANALYZER_NUMBER_OBJECT_CONVERSION = YES_AGGRESSIVE;
				CLANG_CXX_LANGUAGE_STANDARD = "gnu++14";
				CLANG_CXX_LIBRARY = "libc++";
				CLANG_ENABLE_MODULES = YES;
				CLANG_ENABLE_OBJC_ARC = YES;
				CLANG_ENABLE_OBJC_WEAK = YES;
				CLANG_WARN_BLOCK_CAPTURE_AUTORELEASING = YES;
				CLANG_WARN_BOOL_CONVERSION = YES;
				CLANG_WARN_COMMA = YES;
				CLANG_WARN_CONSTANT_CONVERSION = YES;
				CLANG_WARN_DEPRECATED_OBJC_IMPLEMENTATIONS = YES;
				CLANG_WARN_DIRECT_OBJC_ISA_USAGE = YES_ERROR;
				CLANG_WARN_DOCUMENTATION_COMMENTS = YES;
				CLANG_WARN_EMPTY_BODY = YES;
				CLANG_WARN_ENUM_CONVERSION = YES;
				CLANG_WARN_INFINITE_RECURSION = YES;
				CLANG_WARN_INT_CONVERSION = YES;
				CLANG_WARN_NON_LITERAL_NULL_CONVERSION = YES;
				CLANG_WARN_OBJC_IMPLICIT_RETAIN_SELF = YES;
				CLANG_WARN_OBJC_LITERAL_CONVERSION = YES;
				CLANG_WARN_OBJC_ROOT_CLASS = YES_ERROR;
				CLANG_WARN_RANGE_LOOP_ANALYSIS = YES;
				CLANG_WARN_STRICT_PROTOTYPES = YES;
				CLANG_WARN_SUSPICIOUS_MOVE = YES;
				CLANG_WARN_UNGUARDED_AVAILABILITY = YES_AGGRESSIVE;
				CLANG_WARN_UNREACHABLE_CODE = YES;
				CLANG_WARN__DUPLICATE_METHOD_MATCH = YES;
				COPY_PHASE_STRIP = NO;
				DEBUG_INFORMATION_FORMAT = dwarf;
				ENABLE_STRICT_OBJC_MSGSEND = YES;
				ENABLE_TESTABILITY = YES;
				GCC_C_LANGUAGE_STANDARD = gnu11;
				GCC_DYNAMIC_NO_PIC = NO;
				GCC_NO_COMMON_BLOCKS = YES;
				GCC_OPTIMIZATION_LEVEL = 0;
				GCC_PREPROCESSOR_DEFINITIONS = (
					"DEBUG=1",
					"$(inherited)",
				);
				GCC_WARN_64_TO_32_BIT_CONVERSION = YES;
				GCC_WARN_ABOUT_RETURN_TYPE = YES_ERROR;
				GCC_WARN_UNDECLARED_SELECTOR = YES;
				GCC_WARN_UNINITIALIZED_AUTOS = YES_AGGRESSIVE;
				GCC_WARN_UNUSED_FUNCTION = YES;
				GCC_WARN_UNUSED_VARIABLE = YES;
				IPHONEOS_DEPLOYMENT_TARGET = 13.2;
				MTL_ENABLE_DEBUG_INFO = INCLUDE_SOURCE;
				MTL_FAST_MATH = YES;
				ONLY_ACTIVE_ARCH = YES;
				SDKROOT = iphoneos;
				SWIFT_ACTIVE_COMPILATION_CONDITIONS = DEBUG;
				SWIFT_OPTIMIZATION_LEVEL = "-Onone";
			};
			name = Debug;
		};
		6A45D10D2448C73D00A661F1 /* Release */ = {
			isa = XCBuildConfiguration;
			buildSettings = {
				ALWAYS_SEARCH_USER_PATHS = NO;
				CLANG_ANALYZER_NONNULL = YES;
				CLANG_ANALYZER_NUMBER_OBJECT_CONVERSION = YES_AGGRESSIVE;
				CLANG_CXX_LANGUAGE_STANDARD = "gnu++14";
				CLANG_CXX_LIBRARY = "libc++";
				CLANG_ENABLE_MODULES = YES;
				CLANG_ENABLE_OBJC_ARC = YES;
				CLANG_ENABLE_OBJC_WEAK = YES;
				CLANG_WARN_BLOCK_CAPTURE_AUTORELEASING = YES;
				CLANG_WARN_BOOL_CONVERSION = YES;
				CLANG_WARN_COMMA = YES;
				CLANG_WARN_CONSTANT_CONVERSION = YES;
				CLANG_WARN_DEPRECATED_OBJC_IMPLEMENTATIONS = YES;
				CLANG_WARN_DIRECT_OBJC_ISA_USAGE = YES_ERROR;
				CLANG_WARN_DOCUMENTATION_COMMENTS = YES;
				CLANG_WARN_EMPTY_BODY = YES;
				CLANG_WARN_ENUM_CONVERSION = YES;
				CLANG_WARN_INFINITE_RECURSION = YES;
				CLANG_WARN_INT_CONVERSION = YES;
				CLANG_WARN_NON_LITERAL_NULL_CONVERSION = YES;
				CLANG_WARN_OBJC_IMPLICIT_RETAIN_SELF = YES;
				CLANG_WARN_OBJC_LITERAL_CONVERSION = YES;
				CLANG_WARN_OBJC_ROOT_CLASS = YES_ERROR;
				CLANG_WARN_RANGE_LOOP_ANALYSIS = YES;
				CLANG_WARN_STRICT_PROTOTYPES = YES;
				CLANG_WARN_SUSPICIOUS_MOVE = YES;
				CLANG_WARN_UNGUARDED_AVAILABILITY = YES_AGGRESSIVE;
				CLANG_WARN_UNREACHABLE_CODE = YES;
				CLANG_WARN__DUPLICATE_METHOD_MATCH = YES;
				COPY_PHASE_STRIP = NO;
				DEBUG_INFORMATION_FORMAT = "dwarf-with-dsym";
				ENABLE_NS_ASSERTIONS = NO;
				ENABLE_STRICT_OBJC_MSGSEND = YES;
				GCC_C_LANGUAGE_STANDARD = gnu11;
				GCC_NO_COMMON_BLOCKS = YES;
				GCC_WARN_64_TO_32_BIT_CONVERSION = YES;
				GCC_WARN_ABOUT_RETURN_TYPE = YES_ERROR;
				GCC_WARN_UNDECLARED_SELECTOR = YES;
				GCC_WARN_UNINITIALIZED_AUTOS = YES_AGGRESSIVE;
				GCC_WARN_UNUSED_FUNCTION = YES;
				GCC_WARN_UNUSED_VARIABLE = YES;
				IPHONEOS_DEPLOYMENT_TARGET = 13.2;
				MTL_ENABLE_DEBUG_INFO = NO;
				MTL_FAST_MATH = YES;
				SDKROOT = iphoneos;
				SWIFT_COMPILATION_MODE = wholemodule;
				SWIFT_OPTIMIZATION_LEVEL = "-O";
				VALIDATE_PRODUCT = YES;
			};
			name = Release;
		};
		6A45D10F2448C73D00A661F1 /* Debug */ = {
			isa = XCBuildConfiguration;
			buildSettings = {
				ASSETCATALOG_COMPILER_APPICON_NAME = AppIcon;
				CODE_SIGN_STYLE = Automatic;
				INFOPLIST_FILE = "Guess Number Game/Info.plist";
				LD_RUNPATH_SEARCH_PATHS = (
					"$(inherited)",
					"@executable_path/Frameworks",
				);
				PRODUCT_BUNDLE_IDENTIFIER = "karpoozi.Guess-Number-Game";
				PRODUCT_NAME = "$(TARGET_NAME)";
				SWIFT_VERSION = 5.0;
				TARGETED_DEVICE_FAMILY = "1,2";
			};
			name = Debug;
		};
		6A45D1102448C73D00A661F1 /* Release */ = {
			isa = XCBuildConfiguration;
			buildSettings = {
				ASSETCATALOG_COMPILER_APPICON_NAME = AppIcon;
				CODE_SIGN_STYLE = Automatic;
				INFOPLIST_FILE = "Guess Number Game/Info.plist";
				LD_RUNPATH_SEARCH_PATHS = (
					"$(inherited)",
					"@executable_path/Frameworks",
				);
				PRODUCT_BUNDLE_IDENTIFIER = "karpoozi.Guess-Number-Game";
				PRODUCT_NAME = "$(TARGET_NAME)";
				SWIFT_VERSION = 5.0;
				TARGETED_DEVICE_FAMILY = "1,2";
			};
			name = Release;
		};
		6A45D1122448C73D00A661F1 /* Debug */ = {
			isa = XCBuildConfiguration;
			buildSettings = {
				ALWAYS_EMBED_SWIFT_STANDARD_LIBRARIES = YES;
				BUNDLE_LOADER = "$(TEST_HOST)";
				CODE_SIGN_STYLE = Automatic;
				INFOPLIST_FILE = "Guess Number GameTests/Info.plist";
				IPHONEOS_DEPLOYMENT_TARGET = 13.2;
				LD_RUNPATH_SEARCH_PATHS = (
					"$(inherited)",
					"@executable_path/Frameworks",
					"@loader_path/Frameworks",
				);
				PRODUCT_BUNDLE_IDENTIFIER = "karpoozi.Guess-Number-GameTests";
				PRODUCT_NAME = "$(TARGET_NAME)";
				SWIFT_VERSION = 5.0;
				TARGETED_DEVICE_FAMILY = "1,2";
				TEST_HOST = "$(BUILT_PRODUCTS_DIR)/Guess Number Game.app/Guess Number Game";
			};
			name = Debug;
		};
		6A45D1132448C73D00A661F1 /* Release */ = {
			isa = XCBuildConfiguration;
			buildSettings = {
				ALWAYS_EMBED_SWIFT_STANDARD_LIBRARIES = YES;
				BUNDLE_LOADER = "$(TEST_HOST)";
				CODE_SIGN_STYLE = Automatic;
				INFOPLIST_FILE = "Guess Number GameTests/Info.plist";
				IPHONEOS_DEPLOYMENT_TARGET = 13.2;
				LD_RUNPATH_SEARCH_PATHS = (
					"$(inherited)",
					"@executable_path/Frameworks",
					"@loader_path/Frameworks",
				);
				PRODUCT_BUNDLE_IDENTIFIER = "karpoozi.Guess-Number-GameTests";
				PRODUCT_NAME = "$(TARGET_NAME)";
				SWIFT_VERSION = 5.0;
				TARGETED_DEVICE_FAMILY = "1,2";
				TEST_HOST = "$(BUILT_PRODUCTS_DIR)/Guess Number Game.app/Guess Number Game";
			};
			name = Release;
		};
		6A45D1152448C73D00A661F1 /* Debug */ = {
			isa = XCBuildConfiguration;
			buildSettings = {
				ALWAYS_EMBED_SWIFT_STANDARD_LIBRARIES = YES;
				CODE_SIGN_STYLE = Automatic;
				INFOPLIST_FILE = "Guess Number GameUITests/Info.plist";
				LD_RUNPATH_SEARCH_PATHS = (
					"$(inherited)",
					"@executable_path/Frameworks",
					"@loader_path/Frameworks",
				);
				PRODUCT_BUNDLE_IDENTIFIER = "karpoozi.Guess-Number-GameUITests";
				PRODUCT_NAME = "$(TARGET_NAME)";
				SWIFT_VERSION = 5.0;
				TARGETED_DEVICE_FAMILY = "1,2";
				TEST_TARGET_NAME = "Guess Number Game";
			};
			name = Debug;
		};
		6A45D1162448C73D00A661F1 /* Release */ = {
			isa = XCBuildConfiguration;
			buildSettings = {
				ALWAYS_EMBED_SWIFT_STANDARD_LIBRARIES = YES;
				CODE_SIGN_STYLE = Automatic;
				INFOPLIST_FILE = "Guess Number GameUITests/Info.plist";
				LD_RUNPATH_SEARCH_PATHS = (
					"$(inherited)",
					"@executable_path/Frameworks",
					"@loader_path/Frameworks",
				);
				PRODUCT_BUNDLE_IDENTIFIER = "karpoozi.Guess-Number-GameUITests";
				PRODUCT_NAME = "$(TARGET_NAME)";
				SWIFT_VERSION = 5.0;
				TARGETED_DEVICE_FAMILY = "1,2";
				TEST_TARGET_NAME = "Guess Number Game";
			};
			name = Release;
		};
/* End XCBuildConfiguration section */

/* Begin XCConfigurationList section */
		6A45D0DF2448C73900A661F1 /* Build configuration list for PBXProject "Guess Number Game" */ = {
			isa = XCConfigurationList;
			buildConfigurations = (
				6A45D10C2448C73D00A661F1 /* Debug */,
				6A45D10D2448C73D00A661F1 /* Release */,
			);
			defaultConfigurationIsVisible = 0;
			defaultConfigurationName = Release;
		};
		6A45D10E2448C73D00A661F1 /* Build configuration list for PBXNativeTarget "Guess Number Game" */ = {
			isa = XCConfigurationList;
			buildConfigurations = (
				6A45D10F2448C73D00A661F1 /* Debug */,
				6A45D1102448C73D00A661F1 /* Release */,
			);
			defaultConfigurationIsVisible = 0;
			defaultConfigurationName = Release;
		};
		6A45D1112448C73D00A661F1 /* Build configuration list for PBXNativeTarget "Guess Number GameTests" */ = {
			isa = XCConfigurationList;
			buildConfigurations = (
				6A45D1122448C73D00A661F1 /* Debug */,
				6A45D1132448C73D00A661F1 /* Release */,
			);
			defaultConfigurationIsVisible = 0;
			defaultConfigurationName = Release;
		};
		6A45D1142448C73D00A661F1 /* Build configuration list for PBXNativeTarget "Guess Number GameUITests" */ = {
			isa = XCConfigurationList;
			buildConfigurations = (
				6A45D1152448C73D00A661F1 /* Debug */,
				6A45D1162448C73D00A661F1 /* Release */,
			);
			defaultConfigurationIsVisible = 0;
			defaultConfigurationName = Release;
		};
/* End XCConfigurationList section */
	};
	rootObject = 6A45D0DC2448C73900A661F1 /* Project object */;
}
